// !$*UTF8*$!
{
	archiveVersion = 1;
	classes = {
	};
	objectVersion = 55;
	objects = {

/* Begin PBXBuildFile section */
		52216D6228A58F3300F7D54D /* AppDelegate.swift in Sources */ = {isa = PBXBuildFile; fileRef = 52216D6128A58F3300F7D54D /* AppDelegate.swift */; };
		52216D6428A58F3300F7D54D /* SceneDelegate.swift in Sources */ = {isa = PBXBuildFile; fileRef = 52216D6328A58F3300F7D54D /* SceneDelegate.swift */; };
		52216D6628A58F3300F7D54D /* ViewController.swift in Sources */ = {isa = PBXBuildFile; fileRef = 52216D6528A58F3300F7D54D /* ViewController.swift */; };
		52216D6928A58F3300F7D54D /* Main.storyboard in Resources */ = {isa = PBXBuildFile; fileRef = 52216D6728A58F3300F7D54D /* Main.storyboard */; };
		52216D6B28A58F3500F7D54D /* Assets.xcassets in Resources */ = {isa = PBXBuildFile; fileRef = 52216D6A28A58F3500F7D54D /* Assets.xcassets */; };
		52216D6E28A58F3500F7D54D /* LaunchScreen.storyboard in Resources */ = {isa = PBXBuildFile; fileRef = 52216D6C28A58F3500F7D54D /* LaunchScreen.storyboard */; };
		52216D7928A58F3500F7D54D /* Pizza_OrderTests.swift in Sources */ = {isa = PBXBuildFile; fileRef = 52216D7828A58F3500F7D54D /* Pizza_OrderTests.swift */; };
		52216D8328A58F3500F7D54D /* Pizza_OrderUITests.swift in Sources */ = {isa = PBXBuildFile; fileRef = 52216D8228A58F3500F7D54D /* Pizza_OrderUITests.swift */; };
		52216D8528A58F3500F7D54D /* Pizza_OrderUITestsLaunchTests.swift in Sources */ = {isa = PBXBuildFile; fileRef = 52216D8428A58F3500F7D54D /* Pizza_OrderUITestsLaunchTests.swift */; };
		52216D9228A58FDF00F7D54D /* HistoryOrder.swift in Sources */ = {isa = PBXBuildFile; fileRef = 52216D9128A58FDF00F7D54D /* HistoryOrder.swift */; };
		52216D9428A5900E00F7D54D /* HistoryOrderList.swift in Sources */ = {isa = PBXBuildFile; fileRef = 52216D9328A5900E00F7D54D /* HistoryOrderList.swift */; };
		52216D9628A5903B00F7D54D /* ToppingTableViewController.swift in Sources */ = {isa = PBXBuildFile; fileRef = 52216D9528A5903B00F7D54D /* ToppingTableViewController.swift */; };
		52216D9828A5905600F7D54D /* OrderViewController.swift in Sources */ = {isa = PBXBuildFile; fileRef = 52216D9728A5905600F7D54D /* OrderViewController.swift */; };
/* End PBXBuildFile section */

/* Begin PBXContainerItemProxy section */
		52216D7528A58F3500F7D54D /* PBXContainerItemProxy */ = {
			isa = PBXContainerItemProxy;
			containerPortal = 52216D5628A58F3300F7D54D /* Project object */;
			proxyType = 1;
			remoteGlobalIDString = 52216D5D28A58F3300F7D54D;
			remoteInfo = "Pizza Order";
		};
		52216D7F28A58F3500F7D54D /* PBXContainerItemProxy */ = {
			isa = PBXContainerItemProxy;
			containerPortal = 52216D5628A58F3300F7D54D /* Project object */;
			proxyType = 1;
			remoteGlobalIDString = 52216D5D28A58F3300F7D54D;
			remoteInfo = "Pizza Order";
		};
/* End PBXContainerItemProxy section */

/* Begin PBXFileReference section */
		52216D5E28A58F3300F7D54D /* Pizza Order.app */ = {isa = PBXFileReference; explicitFileType = wrapper.application; includeInIndex = 0; path = "Pizza Order.app"; sourceTree = BUILT_PRODUCTS_DIR; };
		52216D6128A58F3300F7D54D /* AppDelegate.swift */ = {isa = PBXFileReference; lastKnownFileType = sourcecode.swift; path = AppDelegate.swift; sourceTree = "<group>"; };
		52216D6328A58F3300F7D54D /* SceneDelegate.swift */ = {isa = PBXFileReference; lastKnownFileType = sourcecode.swift; path = SceneDelegate.swift; sourceTree = "<group>"; };
		52216D6528A58F3300F7D54D /* ViewController.swift */ = {isa = PBXFileReference; lastKnownFileType = sourcecode.swift; path = ViewController.swift; sourceTree = "<group>"; };
		52216D6828A58F3300F7D54D /* Base */ = {isa = PBXFileReference; lastKnownFileType = file.storyboard; name = Base; path = Base.lproj/Main.storyboard; sourceTree = "<group>"; };
		52216D6A28A58F3500F7D54D /* Assets.xcassets */ = {isa = PBXFileReference; lastKnownFileType = folder.assetcatalog; path = Assets.xcassets; sourceTree = "<group>"; };
		52216D6D28A58F3500F7D54D /* Base */ = {isa = PBXFileReference; lastKnownFileType = file.storyboard; name = Base; path = Base.lproj/LaunchScreen.storyboard; sourceTree = "<group>"; };
		52216D6F28A58F3500F7D54D /* Info.plist */ = {isa = PBXFileReference; lastKnownFileType = text.plist.xml; path = Info.plist; sourceTree = "<group>"; };
		52216D7428A58F3500F7D54D /* Pizza OrderTests.xctest */ = {isa = PBXFileReference; explicitFileType = wrapper.cfbundle; includeInIndex = 0; path = "Pizza OrderTests.xctest"; sourceTree = BUILT_PRODUCTS_DIR; };
		52216D7828A58F3500F7D54D /* Pizza_OrderTests.swift */ = {isa = PBXFileReference; lastKnownFileType = sourcecode.swift; path = Pizza_OrderTests.swift; sourceTree = "<group>"; };
		52216D7E28A58F3500F7D54D /* Pizza OrderUITests.xctest */ = {isa = PBXFileReference; explicitFileType = wrapper.cfbundle; includeInIndex = 0; path = "Pizza OrderUITests.xctest"; sourceTree = BUILT_PRODUCTS_DIR; };
		52216D8228A58F3500F7D54D /* Pizza_OrderUITests.swift */ = {isa = PBXFileReference; lastKnownFileType = sourcecode.swift; path = Pizza_OrderUITests.swift; sourceTree = "<group>"; };
		52216D8428A58F3500F7D54D /* Pizza_OrderUITestsLaunchTests.swift */ = {isa = PBXFileReference; lastKnownFileType = sourcecode.swift; path = Pizza_OrderUITestsLaunchTests.swift; sourceTree = "<group>"; };
		52216D9128A58FDF00F7D54D /* HistoryOrder.swift */ = {isa = PBXFileReference; lastKnownFileType = sourcecode.swift; path = HistoryOrder.swift; sourceTree = "<group>"; };
		52216D9328A5900E00F7D54D /* HistoryOrderList.swift */ = {isa = PBXFileReference; lastKnownFileType = sourcecode.swift; path = HistoryOrderList.swift; sourceTree = "<group>"; };
		52216D9528A5903B00F7D54D /* ToppingTableViewController.swift */ = {isa = PBXFileReference; lastKnownFileType = sourcecode.swift; path = ToppingTableViewController.swift; sourceTree = "<group>"; };
		52216D9728A5905600F7D54D /* OrderViewController.swift */ = {isa = PBXFileReference; lastKnownFileType = sourcecode.swift; path = OrderViewController.swift; sourceTree = "<group>"; };
/* End PBXFileReference section */

/* Begin PBXFrameworksBuildPhase section */
		52216D5B28A58F3300F7D54D /* Frameworks */ = {
			isa = PBXFrameworksBuildPhase;
			buildActionMask = 2147483647;
			files = (
			);
			runOnlyForDeploymentPostprocessing = 0;
		};
		52216D7128A58F3500F7D54D /* Frameworks */ = {
			isa = PBXFrameworksBuildPhase;
			buildActionMask = 2147483647;
			files = (
			);
			runOnlyForDeploymentPostprocessing = 0;
		};
		52216D7B28A58F3500F7D54D /* Frameworks */ = {
			isa = PBXFrameworksBuildPhase;
			buildActionMask = 2147483647;
			files = (
			);
			runOnlyForDeploymentPostprocessing = 0;
		};
/* End PBXFrameworksBuildPhase section */

/* Begin PBXGroup section */
		52216D5528A58F3300F7D54D = {
			isa = PBXGroup;
			children = (
				52216D6028A58F3300F7D54D /* Pizza Order */,
				52216D7728A58F3500F7D54D /* Pizza OrderTests */,
				52216D8128A58F3500F7D54D /* Pizza OrderUITests */,
				52216D5F28A58F3300F7D54D /* Products */,
			);
			sourceTree = "<group>";
		};
		52216D5F28A58F3300F7D54D /* Products */ = {
			isa = PBXGroup;
			children = (
				52216D5E28A58F3300F7D54D /* Pizza Order.app */,
				52216D7428A58F3500F7D54D /* Pizza OrderTests.xctest */,
				52216D7E28A58F3500F7D54D /* Pizza OrderUITests.xctest */,
			);
			name = Products;
			sourceTree = "<group>";
		};
		52216D6028A58F3300F7D54D /* Pizza Order */ = {
			isa = PBXGroup;
			children = (
				52216D6128A58F3300F7D54D /* AppDelegate.swift */,
				52216D6328A58F3300F7D54D /* SceneDelegate.swift */,
				52216D6528A58F3300F7D54D /* ViewController.swift */,
				52216D6728A58F3300F7D54D /* Main.storyboard */,
				52216D6A28A58F3500F7D54D /* Assets.xcassets */,
				52216D6C28A58F3500F7D54D /* LaunchScreen.storyboard */,
				52216D6F28A58F3500F7D54D /* Info.plist */,
				52216D9128A58FDF00F7D54D /* HistoryOrder.swift */,
				52216D9328A5900E00F7D54D /* HistoryOrderList.swift */,
				52216D9528A5903B00F7D54D /* ToppingTableViewController.swift */,
				52216D9728A5905600F7D54D /* OrderViewController.swift */,
			);
			path = "Pizza Order";
			sourceTree = "<group>";
		};
		52216D7728A58F3500F7D54D /* Pizza OrderTests */ = {
			isa = PBXGroup;
			children = (
				52216D7828A58F3500F7D54D /* Pizza_OrderTests.swift */,
			);
			path = "Pizza OrderTests";
			sourceTree = "<group>";
		};
		52216D8128A58F3500F7D54D /* Pizza OrderUITests */ = {
			isa = PBXGroup;
			children = (
				52216D8228A58F3500F7D54D /* Pizza_OrderUITests.swift */,
				52216D8428A58F3500F7D54D /* Pizza_OrderUITestsLaunchTests.swift */,
			);
			path = "Pizza OrderUITests";
			sourceTree = "<group>";
		};
/* End PBXGroup section */

/* Begin PBXNativeTarget section */
		52216D5D28A58F3300F7D54D /* Pizza Order */ = {
			isa = PBXNativeTarget;
			buildConfigurationList = 52216D8828A58F3500F7D54D /* Build configuration list for PBXNativeTarget "Pizza Order" */;
			buildPhases = (
				52216D5A28A58F3300F7D54D /* Sources */,
				52216D5B28A58F3300F7D54D /* Frameworks */,
				52216D5C28A58F3300F7D54D /* Resources */,
			);
			buildRules = (
			);
			dependencies = (
			);
			name = "Pizza Order";
			productName = "Pizza Order";
			productReference = 52216D5E28A58F3300F7D54D /* Pizza Order.app */;
			productType = "com.apple.product-type.application";
		};
		52216D7328A58F3500F7D54D /* Pizza OrderTests */ = {
			isa = PBXNativeTarget;
			buildConfigurationList = 52216D8B28A58F3500F7D54D /* Build configuration list for PBXNativeTarget "Pizza OrderTests" */;
			buildPhases = (
				52216D7028A58F3500F7D54D /* Sources */,
				52216D7128A58F3500F7D54D /* Frameworks */,
				52216D7228A58F3500F7D54D /* Resources */,
			);
			buildRules = (
			);
			dependencies = (
				52216D7628A58F3500F7D54D /* PBXTargetDependency */,
			);
			name = "Pizza OrderTests";
			productName = "Pizza OrderTests";
			productReference = 52216D7428A58F3500F7D54D /* Pizza OrderTests.xctest */;
			productType = "com.apple.product-type.bundle.unit-test";
		};
		52216D7D28A58F3500F7D54D /* Pizza OrderUITests */ = {
			isa = PBXNativeTarget;
			buildConfigurationList = 52216D8E28A58F3500F7D54D /* Build configuration list for PBXNativeTarget "Pizza OrderUITests" */;
			buildPhases = (
				52216D7A28A58F3500F7D54D /* Sources */,
				52216D7B28A58F3500F7D54D /* Frameworks */,
				52216D7C28A58F3500F7D54D /* Resources */,
			);
			buildRules = (
			);
			dependencies = (
				52216D8028A58F3500F7D54D /* PBXTargetDependency */,
			);
			name = "Pizza OrderUITests";
			productName = "Pizza OrderUITests";
			productReference = 52216D7E28A58F3500F7D54D /* Pizza OrderUITests.xctest */;
			productType = "com.apple.product-type.bundle.ui-testing";
		};
/* End PBXNativeTarget section */

/* Begin PBXProject section */
		52216D5628A58F3300F7D54D /* Project object */ = {
			isa = PBXProject;
			attributes = {
				BuildIndependentTargetsInParallel = 1;
				LastSwiftUpdateCheck = 1340;
				LastUpgradeCheck = 1340;
				TargetAttributes = {
					52216D5D28A58F3300F7D54D = {
						CreatedOnToolsVersion = 13.4.1;
					};
					52216D7328A58F3500F7D54D = {
						CreatedOnToolsVersion = 13.4.1;
						TestTargetID = 52216D5D28A58F3300F7D54D;
					};
					52216D7D28A58F3500F7D54D = {
						CreatedOnToolsVersion = 13.4.1;
						TestTargetID = 52216D5D28A58F3300F7D54D;
					};
				};
			};
			buildConfigurationList = 52216D5928A58F3300F7D54D /* Build configuration list for PBXProject "Pizza Order" */;
			compatibilityVersion = "Xcode 13.0";
			developmentRegion = en;
			hasScannedForEncodings = 0;
			knownRegions = (
				en,
				Base,
			);
			mainGroup = 52216D5528A58F3300F7D54D;
			productRefGroup = 52216D5F28A58F3300F7D54D /* Products */;
			projectDirPath = "";
			projectRoot = "";
			targets = (
				52216D5D28A58F3300F7D54D /* Pizza Order */,
				52216D7328A58F3500F7D54D /* Pizza OrderTests */,
				52216D7D28A58F3500F7D54D /* Pizza OrderUITests */,
			);
		};
/* End PBXProject section */

/* Begin PBXResourcesBuildPhase section */
		52216D5C28A58F3300F7D54D /* Resources */ = {
			isa = PBXResourcesBuildPhase;
			buildActionMask = 2147483647;
			files = (
				52216D6E28A58F3500F7D54D /* LaunchScreen.storyboard in Resources */,
				52216D6B28A58F3500F7D54D /* Assets.xcassets in Resources */,
				52216D6928A58F3300F7D54D /* Main.storyboard in Resources */,
			);
			runOnlyForDeploymentPostprocessing = 0;
		};
		52216D7228A58F3500F7D54D /* Resources */ = {
			isa = PBXResourcesBuildPhase;
			buildActionMask = 2147483647;
			files = (
			);
			runOnlyForDeploymentPostprocessing = 0;
		};
		52216D7C28A58F3500F7D54D /* Resources */ = {
			isa = PBXResourcesBuildPhase;
			buildActionMask = 2147483647;
			files = (
			);
			runOnlyForDeploymentPostprocessing = 0;
		};
/* End PBXResourcesBuildPhase section */

/* Begin PBXSourcesBuildPhase section */
		52216D5A28A58F3300F7D54D /* Sources */ = {
			isa = PBXSourcesBuildPhase;
			buildActionMask = 2147483647;
			files = (
				52216D9428A5900E00F7D54D /* HistoryOrderList.swift in Sources */,
				52216D6628A58F3300F7D54D /* ViewController.swift in Sources */,
				52216D6228A58F3300F7D54D /* AppDelegate.swift in Sources */,
				52216D9828A5905600F7D54D /* OrderViewController.swift in Sources */,
				52216D6428A58F3300F7D54D /* SceneDelegate.swift in Sources */,
				52216D9628A5903B00F7D54D /* ToppingTableViewController.swift in Sources */,
				52216D9228A58FDF00F7D54D /* HistoryOrder.swift in Sources */,
			);
			runOnlyForDeploymentPostprocessing = 0;
		};
		52216D7028A58F3500F7D54D /* Sources */ = {
			isa = PBXSourcesBuildPhase;
			buildActionMask = 2147483647;
			files = (
				52216D7928A58F3500F7D54D /* Pizza_OrderTests.swift in Sources */,
			);
			runOnlyForDeploymentPostprocessing = 0;
		};
		52216D7A28A58F3500F7D54D /* Sources */ = {
			isa = PBXSourcesBuildPhase;
			buildActionMask = 2147483647;
			files = (
				52216D8528A58F3500F7D54D /* Pizza_OrderUITestsLaunchTests.swift in Sources */,
				52216D8328A58F3500F7D54D /* Pizza_OrderUITests.swift in Sources */,
			);
			runOnlyForDeploymentPostprocessing = 0;
		};
/* End PBXSourcesBuildPhase section */

/* Begin PBXTargetDependency section */
		52216D7628A58F3500F7D54D /* PBXTargetDependency */ = {
			isa = PBXTargetDependency;
			target = 52216D5D28A58F3300F7D54D /* Pizza Order */;
			targetProxy = 52216D7528A58F3500F7D54D /* PBXContainerItemProxy */;
		};
		52216D8028A58F3500F7D54D /* PBXTargetDependency */ = {
			isa = PBXTargetDependency;
			target = 52216D5D28A58F3300F7D54D /* Pizza Order */;
			targetProxy = 52216D7F28A58F3500F7D54D /* PBXContainerItemProxy */;
		};
/* End PBXTargetDependency section */

/* Begin PBXVariantGroup section */
		52216D6728A58F3300F7D54D /* Main.storyboard */ = {
			isa = PBXVariantGroup;
			children = (
				52216D6828A58F3300F7D54D /* Base */,
			);
			name = Main.storyboard;
			sourceTree = "<group>";
		};
		52216D6C28A58F3500F7D54D /* LaunchScreen.storyboard */ = {
			isa = PBXVariantGroup;
			children = (
				52216D6D28A58F3500F7D54D /* Base */,
			);
			name = LaunchScreen.storyboard;
			sourceTree = "<group>";
		};
/* End PBXVariantGroup section */

/* Begin XCBuildConfiguration section */
		52216D8628A58F3500F7D54D /* Debug */ = {
			isa = XCBuildConfiguration;
			buildSettings = {
				ALWAYS_SEARCH_USER_PATHS = NO;
				CLANG_ANALYZER_NONNULL = YES;
				CLANG_ANALYZER_NUMBER_OBJECT_CONVERSION = YES_AGGRESSIVE;
				CLANG_CXX_LANGUAGE_STANDARD = "gnu++17";
				CLANG_ENABLE_MODULES = YES;
				CLANG_ENABLE_OBJC_ARC = YES;
				CLANG_ENABLE_OBJC_WEAK = YES;
				CLANG_WARN_BLOCK_CAPTURE_AUTORELEASING = YES;
				CLANG_WARN_BOOL_CONVERSION = YES;
				CLANG_WARN_COMMA = YES;
				CLANG_WARN_CONSTANT_CONVERSION = YES;
				CLANG_WARN_DEPRECATED_OBJC_IMPLEMENTATIONS = YES;
				CLANG_WARN_DIRECT_OBJC_ISA_USAGE = YES_ERROR;
				CLANG_WARN_DOCUMENTATION_COMMENTS = YES;
				CLANG_WARN_EMPTY_BODY = YES;
				CLANG_WARN_ENUM_CONVERSION = YES;
				CLANG_WARN_INFINITE_RECURSION = YES;
				CLANG_WARN_INT_CONVERSION = YES;
				CLANG_WARN_NON_LITERAL_NULL_CONVERSION = YES;
				CLANG_WARN_OBJC_IMPLICIT_RETAIN_SELF = YES;
				CLANG_WARN_OBJC_LITERAL_CONVERSION = YES;
				CLANG_WARN_OBJC_ROOT_CLASS = YES_ERROR;
				CLANG_WARN_QUOTED_INCLUDE_IN_FRAMEWORK_HEADER = YES;
				CLANG_WARN_RANGE_LOOP_ANALYSIS = YES;
				CLANG_WARN_STRICT_PROTOTYPES = YES;
				CLANG_WARN_SUSPICIOUS_MOVE = YES;
				CLANG_WARN_UNGUARDED_AVAILABILITY = YES_AGGRESSIVE;
				CLANG_WARN_UNREACHABLE_CODE = YES;
				CLANG_WARN__DUPLICATE_METHOD_MATCH = YES;
				COPY_PHASE_STRIP = NO;
				DEBUG_INFORMATION_FORMAT = dwarf;
				ENABLE_STRICT_OBJC_MSGSEND = YES;
				ENABLE_TESTABILITY = YES;
				GCC_C_LANGUAGE_STANDARD = gnu11;
				GCC_DYNAMIC_NO_PIC = NO;
				GCC_NO_COMMON_BLOCKS = YES;
				GCC_OPTIMIZATION_LEVEL = 0;
				GCC_PREPROCESSOR_DEFINITIONS = (
					"DEBUG=1",
					"$(inherited)",
				);
				GCC_WARN_64_TO_32_BIT_CONVERSION = YES;
				GCC_WARN_ABOUT_RETURN_TYPE = YES_ERROR;
				GCC_WARN_UNDECLARED_SELECTOR = YES;
				GCC_WARN_UNINITIALIZED_AUTOS = YES_AGGRESSIVE;
				GCC_WARN_UNUSED_FUNCTION = YES;
				GCC_WARN_UNUSED_VARIABLE = YES;
				IPHONEOS_DEPLOYMENT_TARGET = 15.5;
				MTL_ENABLE_DEBUG_INFO = INCLUDE_SOURCE;
				MTL_FAST_MATH = YES;
				ONLY_ACTIVE_ARCH = YES;
				SDKROOT = iphoneos;
				SWIFT_ACTIVE_COMPILATION_CONDITIONS = DEBUG;
				SWIFT_OPTIMIZATION_LEVEL = "-Onone";
			};
			name = Debug;
		};
		52216D8728A58F3500F7D54D /* Release */ = {
			isa = XCBuildConfiguration;
			buildSettings = {
				ALWAYS_SEARCH_USER_PATHS = NO;
				CLANG_ANALYZER_NONNULL = YES;
				CLANG_ANALYZER_NUMBER_OBJECT_CONVERSION = YES_AGGRESSIVE;
				CLANG_CXX_LANGUAGE_STANDARD = "gnu++17";
				CLANG_ENABLE_MODULES = YES;
				CLANG_ENABLE_OBJC_ARC = YES;
				CLANG_ENABLE_OBJC_WEAK = YES;
				CLANG_WARN_BLOCK_CAPTURE_AUTORELEASING = YES;
				CLANG_WARN_BOOL_CONVERSION = YES;
				CLANG_WARN_COMMA = YES;
				CLANG_WARN_CONSTANT_CONVERSION = YES;
				CLANG_WARN_DEPRECATED_OBJC_IMPLEMENTATIONS = YES;
				CLANG_WARN_DIRECT_OBJC_ISA_USAGE = YES_ERROR;
				CLANG_WARN_DOCUMENTATION_COMMENTS = YES;
				CLANG_WARN_EMPTY_BODY = YES;
				CLANG_WARN_ENUM_CONVERSION = YES;
				CLANG_WARN_INFINITE_RECURSION = YES;
				CLANG_WARN_INT_CONVERSION = YES;
				CLANG_WARN_NON_LITERAL_NULL_CONVERSION = YES;
				CLANG_WARN_OBJC_IMPLICIT_RETAIN_SELF = YES;
				CLANG_WARN_OBJC_LITERAL_CONVERSION = YES;
				CLANG_WARN_OBJC_ROOT_CLASS = YES_ERROR;
				CLANG_WARN_QUOTED_INCLUDE_IN_FRAMEWORK_HEADER = YES;
				CLANG_WARN_RANGE_LOOP_ANALYSIS = YES;
				CLANG_WARN_STRICT_PROTOTYPES = YES;
				CLANG_WARN_SUSPICIOUS_MOVE = YES;
				CLANG_WARN_UNGUARDED_AVAILABILITY = YES_AGGRESSIVE;
				CLANG_WARN_UNREACHABLE_CODE = YES;
				CLANG_WARN__DUPLICATE_METHOD_MATCH = YES;
				COPY_PHASE_STRIP = NO;
				DEBUG_INFORMATION_FORMAT = "dwarf-with-dsym";
				ENABLE_NS_ASSERTIONS = NO;
				ENABLE_STRICT_OBJC_MSGSEND = YES;
				GCC_C_LANGUAGE_STANDARD = gnu11;
				GCC_NO_COMMON_BLOCKS = YES;
				GCC_WARN_64_TO_32_BIT_CONVERSION = YES;
				GCC_WARN_ABOUT_RETURN_TYPE = YES_ERROR;
				GCC_WARN_UNDECLARED_SELECTOR = YES;
				GCC_WARN_UNINITIALIZED_AUTOS = YES_AGGRESSIVE;
				GCC_WARN_UNUSED_FUNCTION = YES;
				GCC_WARN_UNUSED_VARIABLE = YES;
				IPHONEOS_DEPLOYMENT_TARGET = 15.5;
				MTL_ENABLE_DEBUG_INFO = NO;
				MTL_FAST_MATH = YES;
				SDKROOT = iphoneos;
				SWIFT_COMPILATION_MODE = wholemodule;
				SWIFT_OPTIMIZATION_LEVEL = "-O";
				VALIDATE_PRODUCT = YES;
			};
			name = Release;
		};
		52216D8928A58F3500F7D54D /* Debug */ = {
			isa = XCBuildConfiguration;
			buildSettings = {
				ASSETCATALOG_COMPILER_APPICON_NAME = AppIcon;
				ASSETCATALOG_COMPILER_GLOBAL_ACCENT_COLOR_NAME = AccentColor;
				CODE_SIGN_STYLE = Automatic;
				CURRENT_PROJECT_VERSION = 1;
				GENERATE_INFOPLIST_FILE = YES;
				INFOPLIST_FILE = "Pizza Order/Info.plist";
				INFOPLIST_KEY_UIApplicationSupportsIndirectInputEvents = YES;
				INFOPLIST_KEY_UILaunchStoryboardName = LaunchScreen;
				INFOPLIST_KEY_UIMainStoryboardFile = Main;
				INFOPLIST_KEY_UISupportedInterfaceOrientations_iPad = "UIInterfaceOrientationPortrait UIInterfaceOrientationPortraitUpsideDown UIInterfaceOrientationLandscapeLeft UIInterfaceOrientationLandscapeRight";
				INFOPLIST_KEY_UISupportedInterfaceOrientations_iPhone = "UIInterfaceOrientationPortrait UIInterfaceOrientationLandscapeLeft UIInterfaceOrientationLandscapeRight";
				LD_RUNPATH_SEARCH_PATHS = (
					"$(inherited)",
					"@executable_path/Frameworks",
				);
				MARKETING_VERSION = 1.0;
				PRODUCT_BUNDLE_IDENTIFIER = "thealpha.mycambrian.ca.pizza.Pizza-Order";
				PRODUCT_NAME = "$(TARGET_NAME)";
				SWIFT_EMIT_LOC_STRINGS = YES;
				SWIFT_VERSION = 5.0;
				TARGETED_DEVICE_FAMILY = "1,2";
			};
			name = Debug;
		};
		52216D8A28A58F3500F7D54D /* Release */ = {
			isa = XCBuildConfiguration;
			buildSettings = {
				ASSETCATALOG_COMPILER_APPICON_NAME = AppIcon;
				ASSETCATALOG_COMPILER_GLOBAL_ACCENT_COLOR_NAME = AccentColor;
				CODE_SIGN_STYLE = Automatic;
				CURRENT_PROJECT_VERSION = 1;
				GENERATE_INFOPLIST_FILE = YES;
				INFOPLIST_FILE = "Pizza Order/Info.plist";
				INFOPLIST_KEY_UIApplicationSupportsIndirectInputEvents = YES;
				INFOPLIST_KEY_UILaunchStoryboardName = LaunchScreen;
				INFOPLIST_KEY_UIMainStoryboardFile = Main;
				INFOPLIST_KEY_UISupportedInterfaceOrientations_iPad = "UIInterfaceOrientationPortrait UIInterfaceOrientationPortraitUpsideDown UIInterfaceOrientationLandscapeLeft UIInterfaceOrientationLandscapeRight";
				INFOPLIST_KEY_UISupportedInterfaceOrientations_iPhone = "UIInterfaceOrientationPortrait UIInterfaceOrientationLandscapeLeft UIInterfaceOrientationLandscapeRight";
				LD_RUNPATH_SEARCH_PATHS = (
					"$(inherited)",
					"@executable_path/Frameworks",
				);
				MARKETING_VERSION = 1.0;
				PRODUCT_BUNDLE_IDENTIFIER = "thealpha.mycambrian.ca.pizza.Pizza-Order";
				PRODUCT_NAME = "$(TARGET_NAME)";
				SWIFT_EMIT_LOC_STRINGS = YES;
				SWIFT_VERSION = 5.0;
				TARGETED_DEVICE_FAMILY = "1,2";
			};
			name = Release;
		};
		52216D8C28A58F3500F7D54D /* Debug */ = {
			isa = XCBuildConfiguration;
			buildSettings = {
				ALWAYS_EMBED_SWIFT_STANDARD_LIBRARIES = YES;
				BUNDLE_LOADER = "$(TEST_HOST)";
				CODE_SIGN_STYLE = Automatic;
				CURRENT_PROJECT_VERSION = 1;
				GENERATE_INFOPLIST_FILE = YES;
				IPHONEOS_DEPLOYMENT_TARGET = 15.5;
				MARKETING_VERSION = 1.0;
				PRODUCT_BUNDLE_IDENTIFIER = "thealpha.mycambrian.ca.pizza.Pizza-OrderTests";
				PRODUCT_NAME = "$(TARGET_NAME)";
				SWIFT_EMIT_LOC_STRINGS = NO;
				SWIFT_VERSION = 5.0;
				TARGETED_DEVICE_FAMILY = "1,2";
				TEST_HOST = "$(BUILT_PRODUCTS_DIR)/Pizza Order.app/Pizza Order";
			};
			name = Debug;
		};
		52216D8D28A58F3500F7D54D /* Release */ = {
			isa = XCBuildConfiguration;
			buildSettings = {
				ALWAYS_EMBED_SWIFT_STANDARD_LIBRARIES = YES;
				BUNDLE_LOADER = "$(TEST_HOST)";
				CODE_SIGN_STYLE = Automatic;
				CURRENT_PROJECT_VERSION = 1;
				GENERATE_INFOPLIST_FILE = YES;
				IPHONEOS_DEPLOYMENT_TARGET = 15.5;
				MARKETING_VERSION = 1.0;
				PRODUCT_BUNDLE_IDENTIFIER = "thealpha.mycambrian.ca.pizza.Pizza-OrderTests";
				PRODUCT_NAME = "$(TARGET_NAME)";
				SWIFT_EMIT_LOC_STRINGS = NO;
				SWIFT_VERSION = 5.0;
				TARGETED_DEVICE_FAMILY = "1,2";
				TEST_HOST = "$(BUILT_PRODUCTS_DIR)/Pizza Order.app/Pizza Order";
			};
			name = Release;
		};
		52216D8F28A58F3500F7D54D /* Debug */ = {
			isa = XCBuildConfiguration;
			buildSettings = {
				ALWAYS_EMBED_SWIFT_STANDARD_LIBRARIES = YES;
				CODE_SIGN_STYLE = Automatic;
				CURRENT_PROJECT_VERSION = 1;
				GENERATE_INFOPLIST_FILE = YES;
				MARKETING_VERSION = 1.0;
				PRODUCT_BUNDLE_IDENTIFIER = "thealpha.mycambrian.ca.pizza.Pizza-OrderUITests";
				PRODUCT_NAME = "$(TARGET_NAME)";
				SWIFT_EMIT_LOC_STRINGS = NO;
				SWIFT_VERSION = 5.0;
				TARGETED_DEVICE_FAMILY = "1,2";
				TEST_TARGET_NAME = "Pizza Order";
			};
			name = Debug;
		};
		52216D9028A58F3500F7D54D /* Release */ = {
			isa = XCBuildConfiguration;
			buildSettings = {
				ALWAYS_EMBED_SWIFT_STANDARD_LIBRARIES = YES;
				CODE_SIGN_STYLE = Automatic;
				CURRENT_PROJECT_VERSION = 1;
				GENERATE_INFOPLIST_FILE = YES;
				MARKETING_VERSION = 1.0;
				PRODUCT_BUNDLE_IDENTIFIER = "thealpha.mycambrian.ca.pizza.Pizza-OrderUITests";
				PRODUCT_NAME = "$(TARGET_NAME)";
				SWIFT_EMIT_LOC_STRINGS = NO;
				SWIFT_VERSION = 5.0;
				TARGETED_DEVICE_FAMILY = "1,2";
				TEST_TARGET_NAME = "Pizza Order";
			};
			name = Release;
		};
/* End XCBuildConfiguration section */

/* Begin XCConfigurationList section */
		52216D5928A58F3300F7D54D /* Build configuration list for PBXProject "Pizza Order" */ = {
			isa = XCConfigurationList;
			buildConfigurations = (
				52216D8628A58F3500F7D54D /* Debug */,
				52216D8728A58F3500F7D54D /* Release */,
			);
			defaultConfigurationIsVisible = 0;
			defaultConfigurationName = Release;
		};
		52216D8828A58F3500F7D54D /* Build configuration list for PBXNativeTarget "Pizza Order" */ = {
			isa = XCConfigurationList;
			buildConfigurations = (
				52216D8928A58F3500F7D54D /* Debug */,
				52216D8A28A58F3500F7D54D /* Release */,
			);
			defaultConfigurationIsVisible = 0;
			defaultConfigurationName = Release;
		};
		52216D8B28A58F3500F7D54D /* Build configuration list for PBXNativeTarget "Pizza OrderTests" */ = {
			isa = XCConfigurationList;
			buildConfigurations = (
				52216D8C28A58F3500F7D54D /* Debug */,
				52216D8D28A58F3500F7D54D /* Release */,
			);
			defaultConfigurationIsVisible = 0;
			defaultConfigurationName = Release;
		};
		52216D8E28A58F3500F7D54D /* Build configuration list for PBXNativeTarget "Pizza OrderUITests" */ = {
			isa = XCConfigurationList;
			buildConfigurations = (
				52216D8F28A58F3500F7D54D /* Debug */,
				52216D9028A58F3500F7D54D /* Release */,
			);
			defaultConfigurationIsVisible = 0;
			defaultConfigurationName = Release;
		};
/* End XCConfigurationList section */
	};
	rootObject = 52216D5628A58F3300F7D54D /* Project object */;
}
