// !$*UTF8*$!
{
	archiveVersion = 1;
	classes = {
	};
	objectVersion = 55;
	objects = {

/* Begin PBXBuildFile section */
		52F9609728FF65F500F99834 /* AppDelegate.swift in Sources */ = {isa = PBXBuildFile; fileRef = 52F9609628FF65F500F99834 /* AppDelegate.swift */; };
		52F9609928FF65F500F99834 /* SceneDelegate.swift in Sources */ = {isa = PBXBuildFile; fileRef = 52F9609828FF65F500F99834 /* SceneDelegate.swift */; };
		52F9609B28FF65F500F99834 /* ViewController.swift in Sources */ = {isa = PBXBuildFile; fileRef = 52F9609A28FF65F500F99834 /* ViewController.swift */; };
		52F9609E28FF65F500F99834 /* Main.storyboard in Resources */ = {isa = PBXBuildFile; fileRef = 52F9609C28FF65F500F99834 /* Main.storyboard */; };
		52F960A028FF65F700F99834 /* Assets.xcassets in Resources */ = {isa = PBXBuildFile; fileRef = 52F9609F28FF65F700F99834 /* Assets.xcassets */; };
		52F960A328FF65F700F99834 /* LaunchScreen.storyboard in Resources */ = {isa = PBXBuildFile; fileRef = 52F960A128FF65F700F99834 /* LaunchScreen.storyboard */; };
		52F960AE28FF65F700F99834 /* thecatapiTests.swift in Sources */ = {isa = PBXBuildFile; fileRef = 52F960AD28FF65F700F99834 /* thecatapiTests.swift */; };
		52F960B828FF65F700F99834 /* thecatapiUITests.swift in Sources */ = {isa = PBXBuildFile; fileRef = 52F960B728FF65F700F99834 /* thecatapiUITests.swift */; };
		52F960BA28FF65F700F99834 /* thecatapiUITestsLaunchTests.swift in Sources */ = {isa = PBXBuildFile; fileRef = 52F960B928FF65F700F99834 /* thecatapiUITestsLaunchTests.swift */; };
		52F960C728FF664100F99834 /* CatAPI_Helper.swift in Sources */ = {isa = PBXBuildFile; fileRef = 52F960C628FF664100F99834 /* CatAPI_Helper.swift */; };
		52F960C928FF67A200F99834 /* CatBreeds.swift in Sources */ = {isa = PBXBuildFile; fileRef = 52F960C828FF67A200F99834 /* CatBreeds.swift */; };
/* End PBXBuildFile section */

/* Begin PBXContainerItemProxy section */
		52F960AA28FF65F700F99834 /* PBXContainerItemProxy */ = {
			isa = PBXContainerItemProxy;
			containerPortal = 52F9608B28FF65F500F99834 /* Project object */;
			proxyType = 1;
			remoteGlobalIDString = 52F9609228FF65F500F99834;
			remoteInfo = thecatapi;
		};
		52F960B428FF65F700F99834 /* PBXContainerItemProxy */ = {
			isa = PBXContainerItemProxy;
			containerPortal = 52F9608B28FF65F500F99834 /* Project object */;
			proxyType = 1;
			remoteGlobalIDString = 52F9609228FF65F500F99834;
			remoteInfo = thecatapi;
		};
/* End PBXContainerItemProxy section */

/* Begin PBXFileReference section */
		52F9609328FF65F500F99834 /* thecatapi.app */ = {isa = PBXFileReference; explicitFileType = wrapper.application; includeInIndex = 0; path = thecatapi.app; sourceTree = BUILT_PRODUCTS_DIR; };
		52F9609628FF65F500F99834 /* AppDelegate.swift */ = {isa = PBXFileReference; lastKnownFileType = sourcecode.swift; path = AppDelegate.swift; sourceTree = "<group>"; };
		52F9609828FF65F500F99834 /* SceneDelegate.swift */ = {isa = PBXFileReference; lastKnownFileType = sourcecode.swift; path = SceneDelegate.swift; sourceTree = "<group>"; };
		52F9609A28FF65F500F99834 /* ViewController.swift */ = {isa = PBXFileReference; lastKnownFileType = sourcecode.swift; path = ViewController.swift; sourceTree = "<group>"; };
		52F9609D28FF65F500F99834 /* Base */ = {isa = PBXFileReference; lastKnownFileType = file.storyboard; name = Base; path = Base.lproj/Main.storyboard; sourceTree = "<group>"; };
		52F9609F28FF65F700F99834 /* Assets.xcassets */ = {isa = PBXFileReference; lastKnownFileType = folder.assetcatalog; path = Assets.xcassets; sourceTree = "<group>"; };
		52F960A228FF65F700F99834 /* Base */ = {isa = PBXFileReference; lastKnownFileType = file.storyboard; name = Base; path = Base.lproj/LaunchScreen.storyboard; sourceTree = "<group>"; };
		52F960A428FF65F700F99834 /* Info.plist */ = {isa = PBXFileReference; lastKnownFileType = text.plist.xml; path = Info.plist; sourceTree = "<group>"; };
		52F960A928FF65F700F99834 /* thecatapiTests.xctest */ = {isa = PBXFileReference; explicitFileType = wrapper.cfbundle; includeInIndex = 0; path = thecatapiTests.xctest; sourceTree = BUILT_PRODUCTS_DIR; };
		52F960AD28FF65F700F99834 /* thecatapiTests.swift */ = {isa = PBXFileReference; lastKnownFileType = sourcecode.swift; path = thecatapiTests.swift; sourceTree = "<group>"; };
		52F960B328FF65F700F99834 /* thecatapiUITests.xctest */ = {isa = PBXFileReference; explicitFileType = wrapper.cfbundle; includeInIndex = 0; path = thecatapiUITests.xctest; sourceTree = BUILT_PRODUCTS_DIR; };
		52F960B728FF65F700F99834 /* thecatapiUITests.swift */ = {isa = PBXFileReference; lastKnownFileType = sourcecode.swift; path = thecatapiUITests.swift; sourceTree = "<group>"; };
		52F960B928FF65F700F99834 /* thecatapiUITestsLaunchTests.swift */ = {isa = PBXFileReference; lastKnownFileType = sourcecode.swift; path = thecatapiUITestsLaunchTests.swift; sourceTree = "<group>"; };
		52F960C628FF664100F99834 /* CatAPI_Helper.swift */ = {isa = PBXFileReference; lastKnownFileType = sourcecode.swift; path = CatAPI_Helper.swift; sourceTree = "<group>"; };
		52F960C828FF67A200F99834 /* CatBreeds.swift */ = {isa = PBXFileReference; lastKnownFileType = sourcecode.swift; path = CatBreeds.swift; sourceTree = "<group>"; };
/* End PBXFileReference section */

/* Begin PBXFrameworksBuildPhase section */
		52F9609028FF65F500F99834 /* Frameworks */ = {
			isa = PBXFrameworksBuildPhase;
			buildActionMask = 2147483647;
			files = (
			);
			runOnlyForDeploymentPostprocessing = 0;
		};
		52F960A628FF65F700F99834 /* Frameworks */ = {
			isa = PBXFrameworksBuildPhase;
			buildActionMask = 2147483647;
			files = (
			);
			runOnlyForDeploymentPostprocessing = 0;
		};
		52F960B028FF65F700F99834 /* Frameworks */ = {
			isa = PBXFrameworksBuildPhase;
			buildActionMask = 2147483647;
			files = (
			);
			runOnlyForDeploymentPostprocessing = 0;
		};
/* End PBXFrameworksBuildPhase section */

/* Begin PBXGroup section */
		52F9608A28FF65F500F99834 = {
			isa = PBXGroup;
			children = (
				52F9609528FF65F500F99834 /* thecatapi */,
				52F960AC28FF65F700F99834 /* thecatapiTests */,
				52F960B628FF65F700F99834 /* thecatapiUITests */,
				52F9609428FF65F500F99834 /* Products */,
			);
			sourceTree = "<group>";
		};
		52F9609428FF65F500F99834 /* Products */ = {
			isa = PBXGroup;
			children = (
				52F9609328FF65F500F99834 /* thecatapi.app */,
				52F960A928FF65F700F99834 /* thecatapiTests.xctest */,
				52F960B328FF65F700F99834 /* thecatapiUITests.xctest */,
			);
			name = Products;
			sourceTree = "<group>";
		};
		52F9609528FF65F500F99834 /* thecatapi */ = {
			isa = PBXGroup;
			children = (
				52F9609628FF65F500F99834 /* AppDelegate.swift */,
				52F9609828FF65F500F99834 /* SceneDelegate.swift */,
				52F9609A28FF65F500F99834 /* ViewController.swift */,
				52F9609C28FF65F500F99834 /* Main.storyboard */,
				52F9609F28FF65F700F99834 /* Assets.xcassets */,
				52F960A128FF65F700F99834 /* LaunchScreen.storyboard */,
				52F960A428FF65F700F99834 /* Info.plist */,
				52F960C628FF664100F99834 /* CatAPI_Helper.swift */,
				52F960C828FF67A200F99834 /* CatBreeds.swift */,
			);
			path = thecatapi;
			sourceTree = "<group>";
		};
		52F960AC28FF65F700F99834 /* thecatapiTests */ = {
			isa = PBXGroup;
			children = (
				52F960AD28FF65F700F99834 /* thecatapiTests.swift */,
			);
			path = thecatapiTests;
			sourceTree = "<group>";
		};
		52F960B628FF65F700F99834 /* thecatapiUITests */ = {
			isa = PBXGroup;
			children = (
				52F960B728FF65F700F99834 /* thecatapiUITests.swift */,
				52F960B928FF65F700F99834 /* thecatapiUITestsLaunchTests.swift */,
			);
			path = thecatapiUITests;
			sourceTree = "<group>";
		};
/* End PBXGroup section */

/* Begin PBXNativeTarget section */
		52F9609228FF65F500F99834 /* thecatapi */ = {
			isa = PBXNativeTarget;
			buildConfigurationList = 52F960BD28FF65F700F99834 /* Build configuration list for PBXNativeTarget "thecatapi" */;
			buildPhases = (
				52F9608F28FF65F500F99834 /* Sources */,
				52F9609028FF65F500F99834 /* Frameworks */,
				52F9609128FF65F500F99834 /* Resources */,
			);
			buildRules = (
			);
			dependencies = (
			);
			name = thecatapi;
			productName = thecatapi;
			productReference = 52F9609328FF65F500F99834 /* thecatapi.app */;
			productType = "com.apple.product-type.application";
		};
		52F960A828FF65F700F99834 /* thecatapiTests */ = {
			isa = PBXNativeTarget;
			buildConfigurationList = 52F960C028FF65F700F99834 /* Build configuration list for PBXNativeTarget "thecatapiTests" */;
			buildPhases = (
				52F960A528FF65F700F99834 /* Sources */,
				52F960A628FF65F700F99834 /* Frameworks */,
				52F960A728FF65F700F99834 /* Resources */,
			);
			buildRules = (
			);
			dependencies = (
				52F960AB28FF65F700F99834 /* PBXTargetDependency */,
			);
			name = thecatapiTests;
			productName = thecatapiTests;
			productReference = 52F960A928FF65F700F99834 /* thecatapiTests.xctest */;
			productType = "com.apple.product-type.bundle.unit-test";
		};
		52F960B228FF65F700F99834 /* thecatapiUITests */ = {
			isa = PBXNativeTarget;
			buildConfigurationList = 52F960C328FF65F700F99834 /* Build configuration list for PBXNativeTarget "thecatapiUITests" */;
			buildPhases = (
				52F960AF28FF65F700F99834 /* Sources */,
				52F960B028FF65F700F99834 /* Frameworks */,
				52F960B128FF65F700F99834 /* Resources */,
			);
			buildRules = (
			);
			dependencies = (
				52F960B528FF65F700F99834 /* PBXTargetDependency */,
			);
			name = thecatapiUITests;
			productName = thecatapiUITests;
			productReference = 52F960B328FF65F700F99834 /* thecatapiUITests.xctest */;
			productType = "com.apple.product-type.bundle.ui-testing";
		};
/* End PBXNativeTarget section */

/* Begin PBXProject section */
		52F9608B28FF65F500F99834 /* Project object */ = {
			isa = PBXProject;
			attributes = {
				BuildIndependentTargetsInParallel = 1;
				LastSwiftUpdateCheck = 1340;
				LastUpgradeCheck = 1340;
				TargetAttributes = {
					52F9609228FF65F500F99834 = {
						CreatedOnToolsVersion = 13.4.1;
					};
					52F960A828FF65F700F99834 = {
						CreatedOnToolsVersion = 13.4.1;
						TestTargetID = 52F9609228FF65F500F99834;
					};
					52F960B228FF65F700F99834 = {
						CreatedOnToolsVersion = 13.4.1;
						TestTargetID = 52F9609228FF65F500F99834;
					};
				};
			};
			buildConfigurationList = 52F9608E28FF65F500F99834 /* Build configuration list for PBXProject "thecatapi" */;
			compatibilityVersion = "Xcode 13.0";
			developmentRegion = en;
			hasScannedForEncodings = 0;
			knownRegions = (
				en,
				Base,
			);
			mainGroup = 52F9608A28FF65F500F99834;
			productRefGroup = 52F9609428FF65F500F99834 /* Products */;
			projectDirPath = "";
			projectRoot = "";
			targets = (
				52F9609228FF65F500F99834 /* thecatapi */,
				52F960A828FF65F700F99834 /* thecatapiTests */,
				52F960B228FF65F700F99834 /* thecatapiUITests */,
			);
		};
/* End PBXProject section */

/* Begin PBXResourcesBuildPhase section */
		52F9609128FF65F500F99834 /* Resources */ = {
			isa = PBXResourcesBuildPhase;
			buildActionMask = 2147483647;
			files = (
				52F960A328FF65F700F99834 /* LaunchScreen.storyboard in Resources */,
				52F960A028FF65F700F99834 /* Assets.xcassets in Resources */,
				52F9609E28FF65F500F99834 /* Main.storyboard in Resources */,
			);
			runOnlyForDeploymentPostprocessing = 0;
		};
		52F960A728FF65F700F99834 /* Resources */ = {
			isa = PBXResourcesBuildPhase;
			buildActionMask = 2147483647;
			files = (
			);
			runOnlyForDeploymentPostprocessing = 0;
		};
		52F960B128FF65F700F99834 /* Resources */ = {
			isa = PBXResourcesBuildPhase;
			buildActionMask = 2147483647;
			files = (
			);
			runOnlyForDeploymentPostprocessing = 0;
		};
/* End PBXResourcesBuildPhase section */

/* Begin PBXSourcesBuildPhase section */
		52F9608F28FF65F500F99834 /* Sources */ = {
			isa = PBXSourcesBuildPhase;
			buildActionMask = 2147483647;
			files = (
				52F9609B28FF65F500F99834 /* ViewController.swift in Sources */,
				52F960C928FF67A200F99834 /* CatBreeds.swift in Sources */,
				52F9609728FF65F500F99834 /* AppDelegate.swift in Sources */,
				52F9609928FF65F500F99834 /* SceneDelegate.swift in Sources */,
				52F960C728FF664100F99834 /* CatAPI_Helper.swift in Sources */,
			);
			runOnlyForDeploymentPostprocessing = 0;
		};
		52F960A528FF65F700F99834 /* Sources */ = {
			isa = PBXSourcesBuildPhase;
			buildActionMask = 2147483647;
			files = (
				52F960AE28FF65F700F99834 /* thecatapiTests.swift in Sources */,
			);
			runOnlyForDeploymentPostprocessing = 0;
		};
		52F960AF28FF65F700F99834 /* Sources */ = {
			isa = PBXSourcesBuildPhase;
			buildActionMask = 2147483647;
			files = (
				52F960BA28FF65F700F99834 /* thecatapiUITestsLaunchTests.swift in Sources */,
				52F960B828FF65F700F99834 /* thecatapiUITests.swift in Sources */,
			);
			runOnlyForDeploymentPostprocessing = 0;
		};
/* End PBXSourcesBuildPhase section */

/* Begin PBXTargetDependency section */
		52F960AB28FF65F700F99834 /* PBXTargetDependency */ = {
			isa = PBXTargetDependency;
			target = 52F9609228FF65F500F99834 /* thecatapi */;
			targetProxy = 52F960AA28FF65F700F99834 /* PBXContainerItemProxy */;
		};
		52F960B528FF65F700F99834 /* PBXTargetDependency */ = {
			isa = PBXTargetDependency;
			target = 52F9609228FF65F500F99834 /* thecatapi */;
			targetProxy = 52F960B428FF65F700F99834 /* PBXContainerItemProxy */;
		};
/* End PBXTargetDependency section */

/* Begin PBXVariantGroup section */
		52F9609C28FF65F500F99834 /* Main.storyboard */ = {
			isa = PBXVariantGroup;
			children = (
				52F9609D28FF65F500F99834 /* Base */,
			);
			name = Main.storyboard;
			sourceTree = "<group>";
		};
		52F960A128FF65F700F99834 /* LaunchScreen.storyboard */ = {
			isa = PBXVariantGroup;
			children = (
				52F960A228FF65F700F99834 /* Base */,
			);
			name = LaunchScreen.storyboard;
			sourceTree = "<group>";
		};
/* End PBXVariantGroup section */

/* Begin XCBuildConfiguration section */
		52F960BB28FF65F700F99834 /* Debug */ = {
			isa = XCBuildConfiguration;
			buildSettings = {
				ALWAYS_SEARCH_USER_PATHS = NO;
				CLANG_ANALYZER_NONNULL = YES;
				CLANG_ANALYZER_NUMBER_OBJECT_CONVERSION = YES_AGGRESSIVE;
				CLANG_CXX_LANGUAGE_STANDARD = "gnu++17";
				CLANG_ENABLE_MODULES = YES;
				CLANG_ENABLE_OBJC_ARC = YES;
				CLANG_ENABLE_OBJC_WEAK = YES;
				CLANG_WARN_BLOCK_CAPTURE_AUTORELEASING = YES;
				CLANG_WARN_BOOL_CONVERSION = YES;
				CLANG_WARN_COMMA = YES;
				CLANG_WARN_CONSTANT_CONVERSION = YES;
				CLANG_WARN_DEPRECATED_OBJC_IMPLEMENTATIONS = YES;
				CLANG_WARN_DIRECT_OBJC_ISA_USAGE = YES_ERROR;
				CLANG_WARN_DOCUMENTATION_COMMENTS = YES;
				CLANG_WARN_EMPTY_BODY = YES;
				CLANG_WARN_ENUM_CONVERSION = YES;
				CLANG_WARN_INFINITE_RECURSION = YES;
				CLANG_WARN_INT_CONVERSION = YES;
				CLANG_WARN_NON_LITERAL_NULL_CONVERSION = YES;
				CLANG_WARN_OBJC_IMPLICIT_RETAIN_SELF = YES;
				CLANG_WARN_OBJC_LITERAL_CONVERSION = YES;
				CLANG_WARN_OBJC_ROOT_CLASS = YES_ERROR;
				CLANG_WARN_QUOTED_INCLUDE_IN_FRAMEWORK_HEADER = YES;
				CLANG_WARN_RANGE_LOOP_ANALYSIS = YES;
				CLANG_WARN_STRICT_PROTOTYPES = YES;
				CLANG_WARN_SUSPICIOUS_MOVE = YES;
				CLANG_WARN_UNGUARDED_AVAILABILITY = YES_AGGRESSIVE;
				CLANG_WARN_UNREACHABLE_CODE = YES;
				CLANG_WARN__DUPLICATE_METHOD_MATCH = YES;
				COPY_PHASE_STRIP = NO;
				DEBUG_INFORMATION_FORMAT = dwarf;
				ENABLE_STRICT_OBJC_MSGSEND = YES;
				ENABLE_TESTABILITY = YES;
				GCC_C_LANGUAGE_STANDARD = gnu11;
				GCC_DYNAMIC_NO_PIC = NO;
				GCC_NO_COMMON_BLOCKS = YES;
				GCC_OPTIMIZATION_LEVEL = 0;
				GCC_PREPROCESSOR_DEFINITIONS = (
					"DEBUG=1",
					"$(inherited)",
				);
				GCC_WARN_64_TO_32_BIT_CONVERSION = YES;
				GCC_WARN_ABOUT_RETURN_TYPE = YES_ERROR;
				GCC_WARN_UNDECLARED_SELECTOR = YES;
				GCC_WARN_UNINITIALIZED_AUTOS = YES_AGGRESSIVE;
				GCC_WARN_UNUSED_FUNCTION = YES;
				GCC_WARN_UNUSED_VARIABLE = YES;
				IPHONEOS_DEPLOYMENT_TARGET = 15.5;
				MTL_ENABLE_DEBUG_INFO = INCLUDE_SOURCE;
				MTL_FAST_MATH = YES;
				ONLY_ACTIVE_ARCH = YES;
				SDKROOT = iphoneos;
				SWIFT_ACTIVE_COMPILATION_CONDITIONS = DEBUG;
				SWIFT_OPTIMIZATION_LEVEL = "-Onone";
			};
			name = Debug;
		};
		52F960BC28FF65F700F99834 /* Release */ = {
			isa = XCBuildConfiguration;
			buildSettings = {
				ALWAYS_SEARCH_USER_PATHS = NO;
				CLANG_ANALYZER_NONNULL = YES;
				CLANG_ANALYZER_NUMBER_OBJECT_CONVERSION = YES_AGGRESSIVE;
				CLANG_CXX_LANGUAGE_STANDARD = "gnu++17";
				CLANG_ENABLE_MODULES = YES;
				CLANG_ENABLE_OBJC_ARC = YES;
				CLANG_ENABLE_OBJC_WEAK = YES;
				CLANG_WARN_BLOCK_CAPTURE_AUTORELEASING = YES;
				CLANG_WARN_BOOL_CONVERSION = YES;
				CLANG_WARN_COMMA = YES;
				CLANG_WARN_CONSTANT_CONVERSION = YES;
				CLANG_WARN_DEPRECATED_OBJC_IMPLEMENTATIONS = YES;
				CLANG_WARN_DIRECT_OBJC_ISA_USAGE = YES_ERROR;
				CLANG_WARN_DOCUMENTATION_COMMENTS = YES;
				CLANG_WARN_EMPTY_BODY = YES;
				CLANG_WARN_ENUM_CONVERSION = YES;
				CLANG_WARN_INFINITE_RECURSION = YES;
				CLANG_WARN_INT_CONVERSION = YES;
				CLANG_WARN_NON_LITERAL_NULL_CONVERSION = YES;
				CLANG_WARN_OBJC_IMPLICIT_RETAIN_SELF = YES;
				CLANG_WARN_OBJC_LITERAL_CONVERSION = YES;
				CLANG_WARN_OBJC_ROOT_CLASS = YES_ERROR;
				CLANG_WARN_QUOTED_INCLUDE_IN_FRAMEWORK_HEADER = YES;
				CLANG_WARN_RANGE_LOOP_ANALYSIS = YES;
				CLANG_WARN_STRICT_PROTOTYPES = YES;
				CLANG_WARN_SUSPICIOUS_MOVE = YES;
				CLANG_WARN_UNGUARDED_AVAILABILITY = YES_AGGRESSIVE;
				CLANG_WARN_UNREACHABLE_CODE = YES;
				CLANG_WARN__DUPLICATE_METHOD_MATCH = YES;
				COPY_PHASE_STRIP = NO;
				DEBUG_INFORMATION_FORMAT = "dwarf-with-dsym";
				ENABLE_NS_ASSERTIONS = NO;
				ENABLE_STRICT_OBJC_MSGSEND = YES;
				GCC_C_LANGUAGE_STANDARD = gnu11;
				GCC_NO_COMMON_BLOCKS = YES;
				GCC_WARN_64_TO_32_BIT_CONVERSION = YES;
				GCC_WARN_ABOUT_RETURN_TYPE = YES_ERROR;
				GCC_WARN_UNDECLARED_SELECTOR = YES;
				GCC_WARN_UNINITIALIZED_AUTOS = YES_AGGRESSIVE;
				GCC_WARN_UNUSED_FUNCTION = YES;
				GCC_WARN_UNUSED_VARIABLE = YES;
				IPHONEOS_DEPLOYMENT_TARGET = 15.5;
				MTL_ENABLE_DEBUG_INFO = NO;
				MTL_FAST_MATH = YES;
				SDKROOT = iphoneos;
				SWIFT_COMPILATION_MODE = wholemodule;
				SWIFT_OPTIMIZATION_LEVEL = "-O";
				VALIDATE_PRODUCT = YES;
			};
			name = Release;
		};
		52F960BE28FF65F700F99834 /* Debug */ = {
			isa = XCBuildConfiguration;
			buildSettings = {
				ASSETCATALOG_COMPILER_APPICON_NAME = AppIcon;
				ASSETCATALOG_COMPILER_GLOBAL_ACCENT_COLOR_NAME = AccentColor;
				CODE_SIGN_STYLE = Automatic;
				CURRENT_PROJECT_VERSION = 1;
				GENERATE_INFOPLIST_FILE = YES;
				INFOPLIST_FILE = thecatapi/Info.plist;
				INFOPLIST_KEY_UIApplicationSupportsIndirectInputEvents = YES;
				INFOPLIST_KEY_UILaunchStoryboardName = LaunchScreen;
				INFOPLIST_KEY_UIMainStoryboardFile = Main;
				INFOPLIST_KEY_UISupportedInterfaceOrientations_iPad = "UIInterfaceOrientationPortrait UIInterfaceOrientationPortraitUpsideDown UIInterfaceOrientationLandscapeLeft UIInterfaceOrientationLandscapeRight";
				INFOPLIST_KEY_UISupportedInterfaceOrientations_iPhone = "UIInterfaceOrientationPortrait UIInterfaceOrientationLandscapeLeft UIInterfaceOrientationLandscapeRight";
				LD_RUNPATH_SEARCH_PATHS = (
					"$(inherited)",
					"@executable_path/Frameworks",
				);
				MARKETING_VERSION = 1.0;
				PRODUCT_BUNDLE_IDENTIFIER = thealpha.mycambrian.ca.thecatapi;
				PRODUCT_NAME = "$(TARGET_NAME)";
				SWIFT_EMIT_LOC_STRINGS = YES;
				SWIFT_VERSION = 5.0;
				TARGETED_DEVICE_FAMILY = "1,2";
			};
			name = Debug;
		};
		52F960BF28FF65F700F99834 /* Release */ = {
			isa = XCBuildConfiguration;
			buildSettings = {
				ASSETCATALOG_COMPILER_APPICON_NAME = AppIcon;
				ASSETCATALOG_COMPILER_GLOBAL_ACCENT_COLOR_NAME = AccentColor;
				CODE_SIGN_STYLE = Automatic;
				CURRENT_PROJECT_VERSION = 1;
				GENERATE_INFOPLIST_FILE = YES;
				INFOPLIST_FILE = thecatapi/Info.plist;
				INFOPLIST_KEY_UIApplicationSupportsIndirectInputEvents = YES;
				INFOPLIST_KEY_UILaunchStoryboardName = LaunchScreen;
				INFOPLIST_KEY_UIMainStoryboardFile = Main;
				INFOPLIST_KEY_UISupportedInterfaceOrientations_iPad = "UIInterfaceOrientationPortrait UIInterfaceOrientationPortraitUpsideDown UIInterfaceOrientationLandscapeLeft UIInterfaceOrientationLandscapeRight";
				INFOPLIST_KEY_UISupportedInterfaceOrientations_iPhone = "UIInterfaceOrientationPortrait UIInterfaceOrientationLandscapeLeft UIInterfaceOrientationLandscapeRight";
				LD_RUNPATH_SEARCH_PATHS = (
					"$(inherited)",
					"@executable_path/Frameworks",
				);
				MARKETING_VERSION = 1.0;
				PRODUCT_BUNDLE_IDENTIFIER = thealpha.mycambrian.ca.thecatapi;
				PRODUCT_NAME = "$(TARGET_NAME)";
				SWIFT_EMIT_LOC_STRINGS = YES;
				SWIFT_VERSION = 5.0;
				TARGETED_DEVICE_FAMILY = "1,2";
			};
			name = Release;
		};
		52F960C128FF65F700F99834 /* Debug */ = {
			isa = XCBuildConfiguration;
			buildSettings = {
				ALWAYS_EMBED_SWIFT_STANDARD_LIBRARIES = YES;
				BUNDLE_LOADER = "$(TEST_HOST)";
				CODE_SIGN_STYLE = Automatic;
				CURRENT_PROJECT_VERSION = 1;
				GENERATE_INFOPLIST_FILE = YES;
				IPHONEOS_DEPLOYMENT_TARGET = 15.5;
				MARKETING_VERSION = 1.0;
				PRODUCT_BUNDLE_IDENTIFIER = thealpha.mycambrian.ca.thecatapiTests;
				PRODUCT_NAME = "$(TARGET_NAME)";
				SWIFT_EMIT_LOC_STRINGS = NO;
				SWIFT_VERSION = 5.0;
				TARGETED_DEVICE_FAMILY = "1,2";
				TEST_HOST = "$(BUILT_PRODUCTS_DIR)/thecatapi.app/thecatapi";
			};
			name = Debug;
		};
		52F960C228FF65F700F99834 /* Release */ = {
			isa = XCBuildConfiguration;
			buildSettings = {
				ALWAYS_EMBED_SWIFT_STANDARD_LIBRARIES = YES;
				BUNDLE_LOADER = "$(TEST_HOST)";
				CODE_SIGN_STYLE = Automatic;
				CURRENT_PROJECT_VERSION = 1;
				GENERATE_INFOPLIST_FILE = YES;
				IPHONEOS_DEPLOYMENT_TARGET = 15.5;
				MARKETING_VERSION = 1.0;
				PRODUCT_BUNDLE_IDENTIFIER = thealpha.mycambrian.ca.thecatapiTests;
				PRODUCT_NAME = "$(TARGET_NAME)";
				SWIFT_EMIT_LOC_STRINGS = NO;
				SWIFT_VERSION = 5.0;
				TARGETED_DEVICE_FAMILY = "1,2";
				TEST_HOST = "$(BUILT_PRODUCTS_DIR)/thecatapi.app/thecatapi";
			};
			name = Release;
		};
		52F960C428FF65F700F99834 /* Debug */ = {
			isa = XCBuildConfiguration;
			buildSettings = {
				ALWAYS_EMBED_SWIFT_STANDARD_LIBRARIES = YES;
				CODE_SIGN_STYLE = Automatic;
				CURRENT_PROJECT_VERSION = 1;
				GENERATE_INFOPLIST_FILE = YES;
				MARKETING_VERSION = 1.0;
				PRODUCT_BUNDLE_IDENTIFIER = thealpha.mycambrian.ca.thecatapiUITests;
				PRODUCT_NAME = "$(TARGET_NAME)";
				SWIFT_EMIT_LOC_STRINGS = NO;
				SWIFT_VERSION = 5.0;
				TARGETED_DEVICE_FAMILY = "1,2";
				TEST_TARGET_NAME = thecatapi;
			};
			name = Debug;
		};
		52F960C528FF65F700F99834 /* Release */ = {
			isa = XCBuildConfiguration;
			buildSettings = {
				ALWAYS_EMBED_SWIFT_STANDARD_LIBRARIES = YES;
				CODE_SIGN_STYLE = Automatic;
				CURRENT_PROJECT_VERSION = 1;
				GENERATE_INFOPLIST_FILE = YES;
				MARKETING_VERSION = 1.0;
				PRODUCT_BUNDLE_IDENTIFIER = thealpha.mycambrian.ca.thecatapiUITests;
				PRODUCT_NAME = "$(TARGET_NAME)";
				SWIFT_EMIT_LOC_STRINGS = NO;
				SWIFT_VERSION = 5.0;
				TARGETED_DEVICE_FAMILY = "1,2";
				TEST_TARGET_NAME = thecatapi;
			};
			name = Release;
		};
/* End XCBuildConfiguration section */

/* Begin XCConfigurationList section */
		52F9608E28FF65F500F99834 /* Build configuration list for PBXProject "thecatapi" */ = {
			isa = XCConfigurationList;
			buildConfigurations = (
				52F960BB28FF65F700F99834 /* Debug */,
				52F960BC28FF65F700F99834 /* Release */,
			);
			defaultConfigurationIsVisible = 0;
			defaultConfigurationName = Release;
		};
		52F960BD28FF65F700F99834 /* Build configuration list for PBXNativeTarget "thecatapi" */ = {
			isa = XCConfigurationList;
			buildConfigurations = (
				52F960BE28FF65F700F99834 /* Debug */,
				52F960BF28FF65F700F99834 /* Release */,
			);
			defaultConfigurationIsVisible = 0;
			defaultConfigurationName = Release;
		};
		52F960C028FF65F700F99834 /* Build configuration list for PBXNativeTarget "thecatapiTests" */ = {
			isa = XCConfigurationList;
			buildConfigurations = (
				52F960C128FF65F700F99834 /* Debug */,
				52F960C228FF65F700F99834 /* Release */,
			);
			defaultConfigurationIsVisible = 0;
			defaultConfigurationName = Release;
		};
		52F960C328FF65F700F99834 /* Build configuration list for PBXNativeTarget "thecatapiUITests" */ = {
			isa = XCConfigurationList;
			buildConfigurations = (
				52F960C428FF65F700F99834 /* Debug */,
				52F960C528FF65F700F99834 /* Release */,
			);
			defaultConfigurationIsVisible = 0;
			defaultConfigurationName = Release;
		};
/* End XCConfigurationList section */
	};
	rootObject = 52F9608B28FF65F500F99834 /* Project object */;
}
